// !$*UTF8*$!
{
	archiveVersion = 1;
	classes = {
	};
	objectVersion = 46;
	objects = {

/* Begin PBXBuildFile section */
		5D7A04511C744728007499AF /* main.m in Sources */ = {isa = PBXBuildFile; fileRef = 5D7A04501C744728007499AF /* main.m */; };
		5D7A04541C744728007499AF /* AppDelegate.m in Sources */ = {isa = PBXBuildFile; fileRef = 5D7A04531C744728007499AF /* AppDelegate.m */; };
		5D7A04571C744728007499AF /* ViewController.m in Sources */ = {isa = PBXBuildFile; fileRef = 5D7A04561C744728007499AF /* ViewController.m */; };
		5D7A045A1C744728007499AF /* Main.storyboard in Resources */ = {isa = PBXBuildFile; fileRef = 5D7A04581C744728007499AF /* Main.storyboard */; };
		5D7A045C1C744728007499AF /* Assets.xcassets in Resources */ = {isa = PBXBuildFile; fileRef = 5D7A045B1C744728007499AF /* Assets.xcassets */; };
		5D7A045F1C744728007499AF /* LaunchScreen.storyboard in Resources */ = {isa = PBXBuildFile; fileRef = 5D7A045D1C744728007499AF /* LaunchScreen.storyboard */; };
		5D7A04691C744777007499AF /* ZHAmountSelectControl.m in Sources */ = {isa = PBXBuildFile; fileRef = 5D7A04681C744777007499AF /* ZHAmountSelectControl.m */; };
		8776451258BD4D99E7742C64 /* libPods.a in Frameworks */ = {isa = PBXBuildFile; fileRef = 04981934F19B9711DF019341 /* libPods.a */; };
/* End PBXBuildFile section */

/* Begin PBXFileReference section */
		04981934F19B9711DF019341 /* libPods.a */ = {isa = PBXFileReference; explicitFileType = archive.ar; includeInIndex = 0; path = libPods.a; sourceTree = BUILT_PRODUCTS_DIR; };
		4D44461D1DA2049654DA39E4 /* Pods.debug.xcconfig */ = {isa = PBXFileReference; includeInIndex = 1; lastKnownFileType = text.xcconfig; name = Pods.debug.xcconfig; path = "Pods/Target Support Files/Pods/Pods.debug.xcconfig"; sourceTree = "<group>"; };
		5D7A044C1C744728007499AF /* ZHAmountSelectControl.app */ = {isa = PBXFileReference; explicitFileType = wrapper.application; includeInIndex = 0; path = ZHAmountSelectControl.app; sourceTree = BUILT_PRODUCTS_DIR; };
		5D7A04501C744728007499AF /* main.m */ = {isa = PBXFileReference; lastKnownFileType = sourcecode.c.objc; path = main.m; sourceTree = "<group>"; };
		5D7A04521C744728007499AF /* AppDelegate.h */ = {isa = PBXFileReference; lastKnownFileType = sourcecode.c.h; path = AppDelegate.h; sourceTree = "<group>"; };
		5D7A04531C744728007499AF /* AppDelegate.m */ = {isa = PBXFileReference; lastKnownFileType = sourcecode.c.objc; path = AppDelegate.m; sourceTree = "<group>"; };
		5D7A04551C744728007499AF /* ViewController.h */ = {isa = PBXFileReference; lastKnownFileType = sourcecode.c.h; path = ViewController.h; sourceTree = "<group>"; };
		5D7A04561C744728007499AF /* ViewController.m */ = {isa = PBXFileReference; lastKnownFileType = sourcecode.c.objc; path = ViewController.m; sourceTree = "<group>"; };
		5D7A04591C744728007499AF /* Base */ = {isa = PBXFileReference; lastKnownFileType = file.storyboard; name = Base; path = Base.lproj/Main.storyboard; sourceTree = "<group>"; };
		5D7A045B1C744728007499AF /* Assets.xcassets */ = {isa = PBXFileReference; lastKnownFileType = folder.assetcatalog; path = Assets.xcassets; sourceTree = "<group>"; };
		5D7A045E1C744728007499AF /* Base */ = {isa = PBXFileReference; lastKnownFileType = file.storyboard; name = Base; path = Base.lproj/LaunchScreen.storyboard; sourceTree = "<group>"; };
		5D7A04601C744728007499AF /* Info.plist */ = {isa = PBXFileReference; lastKnownFileType = text.plist.xml; path = Info.plist; sourceTree = "<group>"; };
		5D7A04671C744777007499AF /* ZHAmountSelectControl.h */ = {isa = PBXFileReference; fileEncoding = 4; lastKnownFileType = sourcecode.c.h; path = ZHAmountSelectControl.h; sourceTree = "<group>"; };
		5D7A04681C744777007499AF /* ZHAmountSelectControl.m */ = {isa = PBXFileReference; fileEncoding = 4; lastKnownFileType = sourcecode.c.objc; path = ZHAmountSelectControl.m; sourceTree = "<group>"; };
		E55C5D67DE7C8E40DEBE1D40 /* Pods.release.xcconfig */ = {isa = PBXFileReference; includeInIndex = 1; lastKnownFileType = text.xcconfig; name = Pods.release.xcconfig; path = "Pods/Target Support Files/Pods/Pods.release.xcconfig"; sourceTree = "<group>"; };
/* End PBXFileReference section */

/* Begin PBXFrameworksBuildPhase section */
		5D7A04491C744728007499AF /* Frameworks */ = {
			isa = PBXFrameworksBuildPhase;
			buildActionMask = 2147483647;
			files = (
				8776451258BD4D99E7742C64 /* libPods.a in Frameworks */,
			);
			runOnlyForDeploymentPostprocessing = 0;
		};
/* End PBXFrameworksBuildPhase section */

/* Begin PBXGroup section */
		5D7A04431C744728007499AF = {
			isa = PBXGroup;
			children = (
				5D7A04661C744764007499AF /* ZHAmountSelectControl */,
				5D7A044E1C744728007499AF /* ZHAmountSelectControl */,
				5D7A044D1C744728007499AF /* Products */,
				FCFCAD2FCCD8C3BD4C054D52 /* Pods */,
				63AAA1DE372C56586E397A3D /* Frameworks */,
			);
			sourceTree = "<group>";
		};
		5D7A044D1C744728007499AF /* Products */ = {
			isa = PBXGroup;
			children = (
				5D7A044C1C744728007499AF /* ZHAmountSelectControl.app */,
			);
			name = Products;
			sourceTree = "<group>";
		};
		5D7A044E1C744728007499AF /* ZHAmountSelectControl */ = {
			isa = PBXGroup;
			children = (
				5D7A04521C744728007499AF /* AppDelegate.h */,
				5D7A04531C744728007499AF /* AppDelegate.m */,
				5D7A04551C744728007499AF /* ViewController.h */,
				5D7A04561C744728007499AF /* ViewController.m */,
				5D7A04581C744728007499AF /* Main.storyboard */,
				5D7A045B1C744728007499AF /* Assets.xcassets */,
				5D7A045D1C744728007499AF /* LaunchScreen.storyboard */,
				5D7A04601C744728007499AF /* Info.plist */,
				5D7A044F1C744728007499AF /* Supporting Files */,
			);
			path = ZHAmountSelectControl;
			sourceTree = "<group>";
		};
		5D7A044F1C744728007499AF /* Supporting Files */ = {
			isa = PBXGroup;
			children = (
				5D7A04501C744728007499AF /* main.m */,
			);
			name = "Supporting Files";
			sourceTree = "<group>";
		};
		5D7A04661C744764007499AF /* ZHAmountSelectControl */ = {
			isa = PBXGroup;
			children = (
				5D7A04671C744777007499AF /* ZHAmountSelectControl.h */,
				5D7A04681C744777007499AF /* ZHAmountSelectControl.m */,
			);
			name = ZHAmountSelectControl;
			path = ZHAmountSelectControl/ZHAmountSelectControl;
			sourceTree = "<group>";
		};
		63AAA1DE372C56586E397A3D /* Frameworks */ = {
			isa = PBXGroup;
			children = (
				04981934F19B9711DF019341 /* libPods.a */,
			);
			name = Frameworks;
			sourceTree = "<group>";
		};
		FCFCAD2FCCD8C3BD4C054D52 /* Pods */ = {
			isa = PBXGroup;
			children = (
				4D44461D1DA2049654DA39E4 /* Pods.debug.xcconfig */,
				E55C5D67DE7C8E40DEBE1D40 /* Pods.release.xcconfig */,
			);
			name = Pods;
			sourceTree = "<group>";
		};
/* End PBXGroup section */

/* Begin PBXNativeTarget section */
		5D7A044B1C744728007499AF /* ZHAmountSelectControl */ = {
			isa = PBXNativeTarget;
			buildConfigurationList = 5D7A04631C744728007499AF /* Build configuration list for PBXNativeTarget "ZHAmountSelectControl" */;
			buildPhases = (
				4F124AB4F52D123C2357F9AE /* Check Pods Manifest.lock */,
				5D7A04481C744728007499AF /* Sources */,
				5D7A04491C744728007499AF /* Frameworks */,
				5D7A044A1C744728007499AF /* Resources */,
				3283D061DB326A404902F1F6 /* Embed Pods Frameworks */,
				BD919F9BB3C8D3C4D0B035BC /* Copy Pods Resources */,
			);
			buildRules = (
			);
			dependencies = (
			);
			name = ZHAmountSelectControl;
			productName = ZHAmountSelectControl;
			productReference = 5D7A044C1C744728007499AF /* ZHAmountSelectControl.app */;
			productType = "com.apple.product-type.application";
		};
/* End PBXNativeTarget section */

/* Begin PBXProject section */
		5D7A04441C744728007499AF /* Project object */ = {
			isa = PBXProject;
			attributes = {
				LastUpgradeCheck = 0710;
				ORGANIZATIONNAME = "张行";
				TargetAttributes = {
					5D7A044B1C744728007499AF = {
						CreatedOnToolsVersion = 7.1;
					};
				};
			};
			buildConfigurationList = 5D7A04471C744728007499AF /* Build configuration list for PBXProject "ZHAmountSelectControl" */;
			compatibilityVersion = "Xcode 3.2";
			developmentRegion = English;
			hasScannedForEncodings = 0;
			knownRegions = (
				en,
				Base,
			);
			mainGroup = 5D7A04431C744728007499AF;
			productRefGroup = 5D7A044D1C744728007499AF /* Products */;
			projectDirPath = "";
			projectRoot = "";
			targets = (
				5D7A044B1C744728007499AF /* ZHAmountSelectControl */,
			);
		};
/* End PBXProject section */

/* Begin PBXResourcesBuildPhase section */
		5D7A044A1C744728007499AF /* Resources */ = {
			isa = PBXResourcesBuildPhase;
			buildActionMask = 2147483647;
			files = (
				5D7A045F1C744728007499AF /* LaunchScreen.storyboard in Resources */,
				5D7A045C1C744728007499AF /* Assets.xcassets in Resources */,
				5D7A045A1C744728007499AF /* Main.storyboard in Resources */,
			);
			runOnlyForDeploymentPostprocessing = 0;
		};
/* End PBXResourcesBuildPhase section */

/* Begin PBXShellScriptBuildPhase section */
		3283D061DB326A404902F1F6 /* Embed Pods Frameworks */ = {
			isa = PBXShellScriptBuildPhase;
			buildActionMask = 2147483647;
			files = (
			);
			inputPaths = (
			);
			name = "Embed Pods Frameworks";
			outputPaths = (
			);
			runOnlyForDeploymentPostprocessing = 0;
			shellPath = /bin/sh;
			shellScript = "\"${SRCROOT}/Pods/Target Support Files/Pods/Pods-frameworks.sh\"\n";
			showEnvVarsInLog = 0;
		};
		4F124AB4F52D123C2357F9AE /* Check Pods Manifest.lock */ = {
			isa = PBXShellScriptBuildPhase;
			buildActionMask = 2147483647;
			files = (
			);
			inputPaths = (
			);
			name = "Check Pods Manifest.lock";
			outputPaths = (
			);
			runOnlyForDeploymentPostprocessing = 0;
			shellPath = /bin/sh;
			shellScript = "diff \"${PODS_ROOT}/../Podfile.lock\" \"${PODS_ROOT}/Manifest.lock\" > /dev/null\nif [[ $? != 0 ]] ; then\n    cat << EOM\nerror: The sandbox is not in sync with the Podfile.lock. Run 'pod install' or update your CocoaPods installation.\nEOM\n    exit 1\nfi\n";
			showEnvVarsInLog = 0;
		};
		BD919F9BB3C8D3C4D0B035BC /* Copy Pods Resources */ = {
			isa = PBXShellScriptBuildPhase;
			buildActionMask = 2147483647;
			files = (
			);
			inputPaths = (
			);
			name = "Copy Pods Resources";
			outputPaths = (
			);
			runOnlyForDeploymentPostprocessing = 0;
			shellPath = /bin/sh;
			shellScript = "\"${SRCROOT}/Pods/Target Support Files/Pods/Pods-resources.sh\"\n";
			showEnvVarsInLog = 0;
		};
/* End PBXShellScriptBuildPhase section */

/* Begin PBXSourcesBuildPhase section */
		5D7A04481C744728007499AF /* Sources */ = {
			isa = PBXSourcesBuildPhase;
			buildActionMask = 2147483647;
			files = (
				5D7A04571C744728007499AF /* ViewController.m in Sources */,
				5D7A04691C744777007499AF /* ZHAmountSelectControl.m in Sources */,
				5D7A04541C744728007499AF /* AppDelegate.m in Sources */,
				5D7A04511C744728007499AF /* main.m in Sources */,
			);
			runOnlyForDeploymentPostprocessing = 0;
		};
/* End PBXSourcesBuildPhase section */

/* Begin PBXVariantGroup section */
		5D7A04581C744728007499AF /* Main.storyboard */ = {
			isa = PBXVariantGroup;
			children = (
				5D7A04591C744728007499AF /* Base */,
			);
			name = Main.storyboard;
			sourceTree = "<group>";
		};
		5D7A045D1C744728007499AF /* LaunchScreen.storyboard */ = {
			isa = PBXVariantGroup;
			children = (
				5D7A045E1C744728007499AF /* Base */,
			);
			name = LaunchScreen.storyboard;
			sourceTree = "<group>";
		};
/* End PBXVariantGroup section */

/* Begin XCBuildConfiguration section */
		5D7A04611C744728007499AF /* Debug */ = {
			isa = XCBuildConfiguration;
			buildSettings = {
				ALWAYS_SEARCH_USER_PATHS = NO;
				CLANG_CXX_LANGUAGE_STANDARD = "gnu++0x";
				CLANG_CXX_LIBRARY = "libc++";
				CLANG_ENABLE_MODULES = YES;
				CLANG_ENABLE_OBJC_ARC = YES;
				CLANG_WARN_BOOL_CONVERSION = YES;
				CLANG_WARN_CONSTANT_CONVERSION = YES;
				CLANG_WARN_DIRECT_OBJC_ISA_USAGE = YES_ERROR;
				CLANG_WARN_EMPTY_BODY = YES;
				CLANG_WARN_ENUM_CONVERSION = YES;
				CLANG_WARN_INT_CONVERSION = YES;
				CLANG_WARN_OBJC_ROOT_CLASS = YES_ERROR;
				CLANG_WARN_UNREACHABLE_CODE = YES;
				CLANG_WARN__DUPLICATE_METHOD_MATCH = YES;
				"CODE_SIGN_IDENTITY[sdk=iphoneos*]" = "iPhone Developer";
				COPY_PHASE_STRIP = NO;
				DEBUG_INFORMATION_FORMAT = dwarf;
				ENABLE_STRICT_OBJC_MSGSEND = YES;
				ENABLE_TESTABILITY = YES;
				GCC_C_LANGUAGE_STANDARD = gnu99;
				GCC_DYNAMIC_NO_PIC = NO;
				GCC_NO_COMMON_BLOCKS = YES;
				GCC_OPTIMIZATION_LEVEL = 0;
				GCC_PREPROCESSOR_DEFINITIONS = (
					"DEBUG=1",
					"$(inherited)",
				);
				GCC_WARN_64_TO_32_BIT_CONVERSION = YES;
				GCC_WARN_ABOUT_RETURN_TYPE = YES_ERROR;
				GCC_WARN_UNDECLARED_SELECTOR = YES;
				GCC_WARN_UNINITIALIZED_AUTOS = YES_AGGRESSIVE;
				GCC_WARN_UNUSED_FUNCTION = YES;
				GCC_WARN_UNUSED_VARIABLE = YES;
				IPHONEOS_DEPLOYMENT_TARGET = 9.1;
				MTL_ENABLE_DEBUG_INFO = YES;
				ONLY_ACTIVE_ARCH = YES;
				SDKROOT = iphoneos;
			};
			name = Debug;
		};
		5D7A04621C744728007499AF /* Release */ = {
			isa = XCBuildConfiguration;
			buildSettings = {
				ALWAYS_SEARCH_USER_PATHS = NO;
				CLANG_CXX_LANGUAGE_STANDARD = "gnu++0x";
				CLANG_CXX_LIBRARY = "libc++";
				CLANG_ENABLE_MODULES = YES;
				CLANG_ENABLE_OBJC_ARC = YES;
				CLANG_WARN_BOOL_CONVERSION = YES;
				CLANG_WARN_CONSTANT_CONVERSION = YES;
				CLANG_WARN_DIRECT_OBJC_ISA_USAGE = YES_ERROR;
				CLANG_WARN_EMPTY_BODY = YES;
				CLANG_WARN_ENUM_CONVERSION = YES;
				CLANG_WARN_INT_CONVERSION = YES;
				CLANG_WARN_OBJC_ROOT_CLASS = YES_ERROR;
				CLANG_WARN_UNREACHABLE_CODE = YES;
				CLANG_WARN__DUPLICATE_METHOD_MATCH = YES;
				"CODE_SIGN_IDENTITY[sdk=iphoneos*]" = "iPhone Developer";
				COPY_PHASE_STRIP = NO;
				DEBUG_INFORMATION_FORMAT = "dwarf-with-dsym";
				ENABLE_NS_ASSERTIONS = NO;
				ENABLE_STRICT_OBJC_MSGSEND = YES;
				GCC_C_LANGUAGE_STANDARD = gnu99;
				GCC_NO_COMMON_BLOCKS = YES;
				GCC_WARN_64_TO_32_BIT_CONVERSION = YES;
				GCC_WARN_ABOUT_RETURN_TYPE = YES_ERROR;
				GCC_WARN_UNDECLARED_SELECTOR = YES;
				GCC_WARN_UNINITIALIZED_AUTOS = YES_AGGRESSIVE;
				GCC_WARN_UNUSED_FUNCTION = YES;
				GCC_WARN_UNUSED_VARIABLE = YES;
				IPHONEOS_DEPLOYMENT_TARGET = 9.1;
				MTL_ENABLE_DEBUG_INFO = NO;
				SDKROOT = iphoneos;
				VALIDATE_PRODUCT = YES;
			};
			name = Release;
		};
		5D7A04641C744728007499AF /* Debug */ = {
			isa = XCBuildConfiguration;
			baseConfigurationReference = 4D44461D1DA2049654DA39E4 /* Pods.debug.xcconfig */;
			buildSettings = {
				ASSETCATALOG_COMPILER_APPICON_NAME = AppIcon;
				INFOPLIST_FILE = ZHAmountSelectControl/Info.plist;
				IPHONEOS_DEPLOYMENT_TARGET = 7.0;
				LD_RUNPATH_SEARCH_PATHS = "$(inherited) @executable_path/Frameworks";
				PRODUCT_BUNDLE_IDENTIFIER = com.zhanghang.ZHAmountSelectControl;
				PRODUCT_NAME = "$(TARGET_NAME)";
			};
			name = Debug;
		};
		5D7A04651C744728007499AF /* Release */ = {
			isa = XCBuildConfiguration;
			baseConfigurationReference = E55C5D67DE7C8E40DEBE1D40 /* Pods.release.xcconfig */;
			buildSettings = {
				ASSETCATALOG_COMPILER_APPICON_NAME = AppIcon;
				INFOPLIST_FILE = ZHAmountSelectControl/Info.plist;
				IPHONEOS_DEPLOYMENT_TARGET = 7.0;
				LD_RUNPATH_SEARCH_PATHS = "$(inherited) @executable_path/Frameworks";
				PRODUCT_BUNDLE_IDENTIFIER = com.zhanghang.ZHAmountSelectControl;
				PRODUCT_NAME = "$(TARGET_NAME)";
			};
			name = Release;
		};
/* End XCBuildConfiguration section */

/* Begin XCConfigurationList section */
		5D7A04471C744728007499AF /* Build configuration list for PBXProject "ZHAmountSelectControl" */ = {
			isa = XCConfigurationList;
			buildConfigurations = (
				5D7A04611C744728007499AF /* Debug */,
				5D7A04621C744728007499AF /* Release */,
			);
			defaultConfigurationIsVisible = 0;
			defaultConfigurationName = Release;
		};
		5D7A04631C744728007499AF /* Build configuration list for PBXNativeTarget "ZHAmountSelectControl" */ = {
			isa = XCConfigurationList;
			buildConfigurations = (
				5D7A04641C744728007499AF /* Debug */,
				5D7A04651C744728007499AF /* Release */,
			);
			defaultConfigurationIsVisible = 0;
			defaultConfigurationName = Release;
		};
/* End XCConfigurationList section */
	};
	rootObject = 5D7A04441C744728007499AF /* Project object */;
}
